version = 1
revision = 3
requires-python = ">=3.11, <3.14"

[[package]]
name = "cbor2"
version = "6.1.3"
source = { registry = "https://pypi.org/simple" }
sdist = { url = "https://files.pythonhosted.org/packages/3a/6f/07b4af8da8bd27f640362b1ac8271d80895407f2ede0c2bcc9433c06e1ca/cbor2-6.1.3.tar.gz", hash = "sha256:8d70680acb55c04ea5b5ad86da094f9612b53d5a8a65d0f5b3aafc3ce917ecbb", size = 89503, upload-time = "2026-07-04T10:36:48.793Z" }
wheels = [
    { url = "https://files.pythonhosted.org/packages/f8/2e/013b2c478c41585bf5c8f9659328412eda4fe8ed30ffeb8e4fde87f8b9a3/cbor2-6.1.3-cp311-cp311-macosx_11_0_arm64.whl", hash = "sha256:84edab2df31c981d258d652a82a3e30eb7368d86d9d7284216282f65403a1e00", size = 421187, upload-time = "2026-07-04T10:35:54.334Z" },
    { url = "https://files.pythonhosted.org/packages/96/78/840809f265a4537fde0ba646d92d61c500435fd811961d70776fc021b7ab/cbor2-6.1.3-cp311-cp311-manylinux_2_28_aarch64.whl", hash = "sha256:932e0894476fad36b186c0da6e9b1433358bea564a60ae4799e51182568ff29f", size = 463784, upload-time = "2026-07-04T10:35:55.771Z" },
    { url = "https://files.pythonhosted.org/packages/3d/c5/4dad6125eea17b35ca5580a4f7308226c8a4511dfb91b94c329b167b6218/cbor2-6.1.3-cp311-cp311-manylinux_2_28_x86_64.whl", hash = "sha256:5f14159423a984c387982901f67313d6582251b6733c23e8bd925d73173691bf", size = 472119, upload-time = "2026-07-04T10:35:57.122Z" },
    { url = "https://files.pythonhosted.org/packages/b2/f7/5f0387ee7b5601c6af5277051612b8163f82ccbddbae807bbc1326754e3e/cbor2-6.1.3-cp311-cp311-musllinux_1_2_aarch64.whl", hash = "sha256:622ec874664b4db54bc6df40f82832ad30fa5c875ad85cde84392ac62bb33d15", size = 528659, upload-time = "2026-07-04T10:35:58.496Z" },
    { url = "https://files.pythonhosted.org/packages/d7/7f/371ce0c200955a8a999e0a34398834ba88ef2fecda8437c3264c0673aa33/cbor2-6.1.3-cp311-cp311-musllinux_1_2_x86_64.whl", hash = "sha256:c9144756fa7c9298d5882d1f7ad379c4a0059803a4c70329965a000bc79bf02d", size = 538983, upload-time = "2026-07-04T10:35:59.828Z" },
    { url = "https://files.pythonhosted.org/packages/48/d4/3cb4d40ce9bbfb41098656a0be5a8d01f24fa54cdc6d2665cbbaefbb8ba0/cbor2-6.1.3-cp311-cp311-win32.whl", hash = "sha256:144f8cfd2e9149389c34026243aeb646184cd78a2c657822be9bc9e7a2c5f3f5", size = 282264, upload-time = "2026-07-04T10:36:01.131Z" },
    { url = "https://files.pythonhosted.org/packages/36/1f/e9d123a071ee67ebca70b37401a03b80641d86953a72e8ea41194f99095a/cbor2-6.1.3-cp311-cp311-win_amd64.whl", hash = "sha256:187fd06befc59e6cafafc2709e5f1f3df8afe8bca5646f9cb5b70fc7e6ab1783", size = 303941, upload-time = "2026-07-04T10:36:02.45Z" },
    { url = "https://files.pythonhosted.org/packages/32/4f/efb2ed376421641e372bfebe9fd98f11c9de3bbac1da9f2b8be5c96eb335/cbor2-6.1.3-cp311-cp311-win_arm64.whl", hash = "sha256:43f0f694f47958de50fc84e6268a3015cc2a7fce88b231456c053bc5a1c6c828", size = 296378, upload-time = "2026-07-04T10:36:03.77Z" },
    { url = "https://files.pythonhosted.org/packages/31/16/cff14259c3d19a7f0ae88b6996fe4c85f6ff1764dad889ac8a39e843e39c/cbor2-6.1.3-cp312-cp312-macosx_11_0_arm64.whl", hash = "sha256:3d939f55097c21e032f5a2d67592fcc57298986281f219356e2f519e4466f4ea", size = 412779, upload-time = "2026-07-04T10:36:04.975Z" },
    { url = "https://files.pythonhosted.org/packages/50/6c/f3641d19b7b85a63cb2756c10164131489c2cb46b379ec51ae22283fefb9/cbor2-6.1.3-cp312-cp312-manylinux_2_28_aarch64.whl", hash = "sha256:b025009478d644dab407164fd60e3ef4381af284f5af6966df94c663756d949e", size = 457781, upload-time = "2026-07-04T10:36:06.349Z" },
    { url = "https://files.pythonhosted.org/packages/55/85/0c55a66f3037056bfb8e1c7184168085fdea67ae5830404498bcf466233b/cbor2-6.1.3-cp312-cp312-manylinux_2_28_x86_64.whl", hash = "sha256:2226d32e102e375737656ad5d141ad8c6ae3e705e04e263f24756f0eb379c6c1", size = 468373, upload-time = "2026-07-04T10:36:07.769Z" },
    { url = "https://files.pythonhosted.org/packages/46/74/40f7db3e0d880560193916a5c9b744fcf299558bed7113f77c28237c7c29/cbor2-6.1.3-cp312-cp312-musllinux_1_2_aarch64.whl", hash = "sha256:e61d465244d66ffed36492eef3b44d43795d76a2bba0663a2f15c186af7f7513", size = 523844, upload-time = "2026-07-04T10:36:09.404Z" },
    { url = "https://files.pythonhosted.org/packages/b5/a1/b5e07d6a08441c3a552fe2ae48ccb7e9dfc5065b9f6a3bae9879b4f0fbc0/cbor2-6.1.3-cp312-cp312-musllinux_1_2_x86_64.whl", hash = "sha256:87fe7be8fab6ec4796aa127c1a52e09e79dbafd2aa31caf809cf04b8080a5975", size = 536238, upload-time = "2026-07-04T10:36:10.914Z" },
    { url = "https://files.pythonhosted.org/packages/c9/99/e166be0fd74bf3a91f5a0d103e34883efbc438d970f72cc8200e274787e5/cbor2-6.1.3-cp312-cp312-win32.whl", hash = "sha256:da25d345f01e6a40b2e5c57ef96b4dcff7be69394fb62f0f70e07f437f2376a9", size = 279858, upload-time = "2026-07-04T10:36:12.247Z" },
    { url = "https://files.pythonhosted.org/packages/d2/1b/90b4a121e40aba189c55a5822dd3c698eaf487e1d4a780ab18c804a5ef1c/cbor2-6.1.3-cp312-cp312-win_amd64.whl", hash = "sha256:d5514f693db6fa6f433b4096e9b604e6a7bf151c9ef1d2db86d0858e4c5e768f", size = 300929, upload-time = "2026-07-04T10:36:13.564Z" },
    { url = "https://files.pythonhosted.org/packages/19/db/52c58a8d33464927389dde8103997b3fa51b081ce29b347ac2cc4fd0dfbf/cbor2-6.1.3-cp312-cp312-win_arm64.whl", hash = "sha256:3d43183d7beb3d3cd198d69b31bd2ee487ed704a1150c75cb0a66d6ad63d8c1a", size = 290908, upload-time = "2026-07-04T10:36:14.857Z" },
    { url = "https://files.pythonhosted.org/packages/1c/8c/5024d623dcf3f2057ec8c991f584b939ba5f9025a5ce8c31f6fac067137a/cbor2-6.1.3-cp313-cp313-macosx_11_0_arm64.whl", hash = "sha256:21c74b8ab67977c8b87b727247eeb730145b0068ad6d47f71e9f80f6b48c65f8", size = 412334, upload-time = "2026-07-04T10:36:16.299Z" },
    { url = "https://files.pythonhosted.org/packages/61/f3/e50654203c3b746166a96bea680eb6463b20c2c160cc14dfbe43f215ef6c/cbor2-6.1.3-cp313-cp313-manylinux_2_28_aarch64.whl", hash = "sha256:f291a0ae4c1ed96eadb0afa9752568c7424f7d6fa818676d5e33005fcd22ddd9", size = 457125, upload-time = "2026-07-04T10:36:17.684Z" },
    { url = "https://files.pythonhosted.org/packages/44/86/6ef007f0d4f7afba90a80cb1657984de542e7474d2afaa7e920ac9860df3/cbor2-6.1.3-cp313-cp313-manylinux_2_28_x86_64.whl", hash = "sha256:dc8e44c7bf172687195dcd428157885bc00ea06efc0ea30fb371163b92bef733", size = 467651, upload-time = "2026-07-04T10:36:19.007Z" },
    { url = "https://files.pythonhosted.org/packages/b2/f4/b5aa27813c02f37e03eb86bd908163562edd6fc7f99665bc7bbb25ef5e6c/cbor2-6.1.3-cp313-cp313-musllinux_1_2_aarch64.whl", hash = "sha256:8ccf4d263983d830dd429d2b01f27be58ac02ba7c790c45d861f767eb63963e5", size = 523296, upload-time = "2026-07-04T10:36:20.504Z" },
    { url = "https://files.pythonhosted.org/packages/5b/46/e17b2bce2efdc26bfa045b4f6168f02923ac5f0e79732a1b3c42ce9ca9de/cbor2-6.1.3-cp313-cp313-musllinux_1_2_x86_64.whl", hash = "sha256:8719a7a2a2a82168844533389957b8f617a139f5f40e4d0ad7ed905fd3abebd1", size = 535537, upload-time = "2026-07-04T10:36:21.761Z" },
    { url = "https://files.pythonhosted.org/packages/54/bc/add350acf37f367ae429f997f2e047b042f2d5ef9ca62461c923fbb0f3c3/cbor2-6.1.3-cp313-cp313-win32.whl", hash = "sha256:c73b54ce09dd8d522f3c1540426e36172ba0f34abf3d89eb93909a5e14590003", size = 279233, upload-time = "2026-07-04T10:36:23.071Z" },
    { url = "https://files.pythonhosted.org/packages/e8/6f/1bbfce3b3131e4e03e8a86966a38ff92ebb72215fcf36aeecea1547f3e4b/cbor2-6.1.3-cp313-cp313-win_amd64.whl", hash = "sha256:b77df56c462c10eb3444db8ef78d8c3e71d9ef8d021ea92e97c1f9e3aa918690", size = 300585, upload-time = "2026-07-04T10:36:24.563Z" },
    { url = "https://files.pythonhosted.org/packages/e7/65/3945702dd84b6e5b7800c9c7f1ada038d33d12d0042de10e38164cc03dfd/cbor2-6.1.3-cp313-cp313-win_arm64.whl", hash = "sha256:b144be2ab3e9584ee7b6359d2a92fee0a5bec1d00dbd34c215ccc2040ac0b2ab", size = 290357, upload-time = "2026-07-04T10:36:25.983Z" },
]

[[package]]
name = "cffi"
version = "2.1.0"
source = { registry = "https://pypi.org/simple" }
dependencies = [
    { name = "pycparser", marker = "implementation_name != 'PyPy'" },
]
sdist = { url = "https://files.pythonhosted.org/packages/57/5f/ff100cae70ebe9d8df1c01a00e510e45d9adb5c1fdda84791b199141de97/cffi-2.1.0.tar.gz", hash = "sha256:efc1cdd798b1aaf39b4610bba7aad28c9bea9b910f25c784ccf9ec1fa719d1f9", size = 531036, upload-time = "2026-07-06T21:34:30.382Z" }
wheels = [
    { url = "https://files.pythonhosted.org/packages/d3/67/85c89a59ba36a671e79638f44d466749f08179266a57e4f2ffdf92174072/cffi-2.1.0-cp311-cp311-macosx_10_15_x86_64.whl", hash = "sha256:02cb7ff33ded4f1532476731f89ede53e2e488a8e6205515a82144246ffa7dcc", size = 183845, upload-time = "2026-07-06T21:32:26.32Z" },
    { url = "https://files.pythonhosted.org/packages/ea/dd/e3b0baa2d3d6a857ac72b7efbf18e32e487c9cdafcc13049ad765495b15e/cffi-2.1.0-cp311-cp311-macosx_11_0_arm64.whl", hash = "sha256:f5bce581e6b8c235e566a14768a943b172ada3ed73537bb0c0be1edee312d4e7", size = 184186, upload-time = "2026-07-06T21:32:28.025Z" },
    { url = "https://files.pythonhosted.org/packages/65/68/9f3ef890cf3c6ab97bd531c5677f67613d302165d16f8142b2811782a614/cffi-2.1.0-cp311-cp311-manylinux1_i686.manylinux2014_i686.manylinux_2_17_i686.manylinux_2_5_i686.whl", hash = "sha256:30b65779d598c370374fefabf138d456fd6f3216bfa7bedfab1ba82025b0cd93", size = 211892, upload-time = "2026-07-06T21:32:29.565Z" },
    { url = "https://files.pythonhosted.org/packages/22/d7/1a74539db16d8bfd839ff1515948948efbb162e574650fd3d846896eea95/cffi-2.1.0-cp311-cp311-manylinux2014_aarch64.manylinux_2_17_aarch64.whl", hash = "sha256:88023dfe18799507b73f1dbb0d14326a17465de1bc9c9c7655c22845e9ddc3a2", size = 218793, upload-time = "2026-07-06T21:32:30.951Z" },
    { url = "https://files.pythonhosted.org/packages/ec/d1/9a5b7169499e8e8d8e636de70b97ac7c9447104d2ff1a2cd94790cea5162/cffi-2.1.0-cp311-cp311-manylinux2014_ppc64le.manylinux_2_17_ppc64le.whl", hash = "sha256:0a96b74cda968eebbad56d973efe5098974f0a9fb323865bf99ea1fd24e3e64c", size = 205737, upload-time = "2026-07-06T21:32:32.216Z" },
    { url = "https://files.pythonhosted.org/packages/ba/b0/e131a9c41f10607926278453d9596163594fe1c4ebc46efe3b5e5b34eb84/cffi-2.1.0-cp311-cp311-manylinux2014_s390x.manylinux_2_17_s390x.whl", hash = "sha256:a5781494d4d400a3f47f8f1da94b324f6e6b440a53387774002890a2a2f4b50f", size = 204909, upload-time = "2026-07-06T21:32:33.655Z" },
    { url = "https://files.pythonhosted.org/packages/fb/d2/4398416cd699b35167947c6e22aca52c47e69ad5695073c9f1f2c52e04aa/cffi-2.1.0-cp311-cp311-manylinux2014_x86_64.manylinux_2_17_x86_64.whl", hash = "sha256:aa7a1b53a2a4452ada2d1b5dade9960b2522f1e61293a811a077439e39029565", size = 217883, upload-time = "2026-07-06T21:32:35.173Z" },
    { url = "https://files.pythonhosted.org/packages/a2/a5/d4fe77b589e5e82d43ebc809bf2e6474afe8e48e32ea050b9357645b6471/cffi-2.1.0-cp311-cp311-musllinux_1_2_aarch64.whl", hash = "sha256:9d8272c0e483b024e1b9ad029821470ed8ec65631dbd90217469da0e7cd89f1c", size = 221251, upload-time = "2026-07-06T21:32:36.527Z" },
    { url = "https://files.pythonhosted.org/packages/22/f0/a2fc43084c0433caf7f461bccc013e28f848d04ee1c5ed7fce71423cf4d9/cffi-2.1.0-cp311-cp311-musllinux_1_2_i686.whl", hash = "sha256:7762faa47e8ff7eb80bd261d9a7d8eea2d8baa69de5e95b70c1f338bbe712f02", size = 214250, upload-time = "2026-07-06T21:32:37.852Z" },
    { url = "https://files.pythonhosted.org/packages/04/8c/b925975448cf20634a9fbd5efceb807219db452653648d2897c0989cab2d/cffi-2.1.0-cp311-cp311-musllinux_1_2_x86_64.whl", hash = "sha256:89095c1968b4ba8285840e131bf2891b09ae137fe2146905acae0354fbce1b5e", size = 219441, upload-time = "2026-07-06T21:32:39.146Z" },
    { url = "https://files.pythonhosted.org/packages/eb/da/5c4918a2d61d86fa927d716cb3d8e4626ef8dc8f605a599d32f33897f59a/cffi-2.1.0-cp311-cp311-win32.whl", hash = "sha256:64c753a0f87a256020004f37a1c8c02c480e725f910f0b2a0f3f07debd1b2479", size = 174496, upload-time = "2026-07-06T21:32:40.467Z" },
    { url = "https://files.pythonhosted.org/packages/f9/c8/6c2de1d55cf35ef8b92885d5ef280790f0fb9634d87ea1cc315176aecd61/cffi-2.1.0-cp311-cp311-win_amd64.whl", hash = "sha256:4f26194e3d95e06501b942642855aed4f953d55e95d7d01b7c4483db3ecff458", size = 185113, upload-time = "2026-07-06T21:32:41.761Z" },
    { url = "https://files.pythonhosted.org/packages/9e/4e/e8d7cb5783f1841a3c8fb3a7735838d7484d08ec08c9f984b14cac1ac0e9/cffi-2.1.0-cp311-cp311-win_arm64.whl", hash = "sha256:35aaea0c7ee0e58a5cd8c2fd1a48fdf7ece0d2699b7ecdda08194e9ce5dd9b3d", size = 179927, upload-time = "2026-07-06T21:32:42.961Z" },
    { url = "https://files.pythonhosted.org/packages/1e/85/990925db5df586ec90beb97529c853497e7f85ba0234830447faf41c3057/cffi-2.1.0-cp312-cp312-macosx_10_15_x86_64.whl", hash = "sha256:df2b82571a1b30f58a87bf4e5a9e78d2b1eff6c6ce8fd3aa3757221f93f0863f", size = 184829, upload-time = "2026-07-06T21:32:44.324Z" },
    { url = "https://files.pythonhosted.org/packages/4b/92/e7bb136ad6b5352603732cf907ef862ca103f20f2031c1735a46300c20c9/cffi-2.1.0-cp312-cp312-macosx_11_0_arm64.whl", hash = "sha256:78474632761faa0fb96f30b1c928c84ebcf68713cbb80d15bab09dfe61640fde", size = 184728, upload-time = "2026-07-06T21:32:45.683Z" },
    { url = "https://files.pythonhosted.org/packages/c3/c0/d1ec30ffb370f748f2fb54425972bfef9871e0132e82fb589c46b6676049/cffi-2.1.0-cp312-cp312-manylinux1_i686.manylinux2014_i686.manylinux_2_17_i686.manylinux_2_5_i686.whl", hash = "sha256:5972433ad71a9e46516584ef60a0fda12d9dc459938d1539c3ddecf9bdc1368d", size = 214815, upload-time = "2026-07-06T21:32:48.557Z" },
    { url = "https://files.pythonhosted.org/packages/1b/dc/5620cf930688be01f2d673804291de757a934c90b946dbdc3d84130c2ea4/cffi-2.1.0-cp312-cp312-manylinux2014_aarch64.manylinux_2_17_aarch64.whl", hash = "sha256:b6422532152adf4e59b110cb2808cee7a033800952f5c036b4af047ee43199e7", size = 222429, upload-time = "2026-07-06T21:32:49.848Z" },
    { url = "https://files.pythonhosted.org/packages/4b/a4/77b53abbf7a1e0beb9637edbef2a94d15f9c822f591e85d439ffd91519a6/cffi-2.1.0-cp312-cp312-manylinux2014_ppc64le.manylinux_2_17_ppc64le.whl", hash = "sha256:46b1c8db8f6122420f32d02fffb924c2fe9bc772d228c7c711748fff56aabb2b", size = 210315, upload-time = "2026-07-06T21:32:51.221Z" },
    { url = "https://files.pythonhosted.org/packages/58/0c/f528df19cc94b675087324d4760d9e6d5bfae97d6217aa4fac43de4f5fcc/cffi-2.1.0-cp312-cp312-manylinux2014_s390x.manylinux_2_17_s390x.whl", hash = "sha256:d9fafc5aa2e2a39aaf7f8cc0c1f044a9b07fca12e558dca53a3cc5c654ad67a7", size = 208859, upload-time = "2026-07-06T21:32:52.512Z" },
    { url = "https://files.pythonhosted.org/packages/62/f2/c9522a81c32132799a1972c39f5c5f8b4c8b9f00488a23feaa6c06f07741/cffi-2.1.0-cp312-cp312-manylinux2014_x86_64.manylinux_2_17_x86_64.whl", hash = "sha256:1e9f50d192a3e525b15a75ab5114e442d83d657b7ec29182a991bc9a88fd3a66", size = 221844, upload-time = "2026-07-06T21:32:53.704Z" },
    { url = "https://files.pythonhosted.org/packages/6e/28/bd53988b9833e8f8ad539d26f4c07a6b3f6bcb1e9e02e7ca038250b3428d/cffi-2.1.0-cp312-cp312-musllinux_1_2_aarch64.whl", hash = "sha256:98fff996e983a36d3aa2eca83af40c5821202e7e6f32d13ae94e3d2286f10cfe", size = 225287, upload-time = "2026-07-06T21:32:54.907Z" },
    { url = "https://files.pythonhosted.org/packages/79/99/0d0fd37f055224085f42bbb2c022d002e17dde4a97972822327b07d84101/cffi-2.1.0-cp312-cp312-musllinux_1_2_x86_64.whl", hash = "sha256:379de10ce1ba048b1448599d1b37b24caee16309d1ac98d3982fc997f768700b", size = 223681, upload-time = "2026-07-06T21:32:56.329Z" },
    { url = "https://files.pythonhosted.org/packages/b0/80/c138990aa2a70b1a269f6e06348729836d733d6f970867943f61d367f8cc/cffi-2.1.0-cp312-cp312-win32.whl", hash = "sha256:9b8f0f26ca4e7513c534d351eca551947d053fac438f2a04ac96d882909b0d3a", size = 175269, upload-time = "2026-07-06T21:32:57.777Z" },
    { url = "https://files.pythonhosted.org/packages/a8/eb/f636456ff21a83fc13c032b58cc5dde061691546ac79efa284b2989b7982/cffi-2.1.0-cp312-cp312-win_amd64.whl", hash = "sha256:c97f080ea627e2863524c5af3836e2270b5f5dfff1f104392b959f8df0c5d384", size = 185881, upload-time = "2026-07-06T21:32:59.253Z" },
    { url = "https://files.pythonhosted.org/packages/dd/2c/400ea43e721727dca8a65c4521390e9196757caba4a45643acb2b63271b8/cffi-2.1.0-cp312-cp312-win_arm64.whl", hash = "sha256:6d194185eabd279f1c05ebe3504265ddfc5ad2b58d0714f7db9f01da592e9eb6", size = 180088, upload-time = "2026-07-06T21:33:02.278Z" },
    { url = "https://files.pythonhosted.org/packages/96/88/a996879e2eeccb815f6e3a5967b12a308257412acec882039d386bd2aa7b/cffi-2.1.0-cp313-cp313-ios_13_0_arm64_iphoneos.whl", hash = "sha256:10537b1df4967ca26d21e5072d7d54188354483b91dc75058968d3f0cf13fbda", size = 194331, upload-time = "2026-07-06T21:33:03.697Z" },
    { url = "https://files.pythonhosted.org/packages/58/85/7ae00d5c8dd6266f4e944c3db630f3c5c9a98b61d469c714d848b1d8138a/cffi-2.1.0-cp313-cp313-ios_13_0_arm64_iphonesimulator.whl", hash = "sha256:a95b05f9baf29b91171b3a8bd2020b028835243e7b0ff6bb23e2a3c228518b1b", size = 196966, upload-time = "2026-07-06T21:33:05.353Z" },
    { url = "https://files.pythonhosted.org/packages/8c/e9/45c3a76ad8d43ad9261f4c95436da61128d3ca545d72b9612c0ab5be0b1c/cffi-2.1.0-cp313-cp313-macosx_10_15_x86_64.whl", hash = "sha256:15faec4adfff450819f3aee0e2e02c812de6edb88203aa58807955db2003472a", size = 184795, upload-time = "2026-07-06T21:33:06.699Z" },
    { url = "https://files.pythonhosted.org/packages/84/4c/82f132cb4418ee6d953d982b19191e87e2a6372c8a4ce36e50b69d6ade4a/cffi-2.1.0-cp313-cp313-macosx_11_0_arm64.whl", hash = "sha256:716ff8ec22f20b4d988b12884086bcef0fc99737043e503f7a3935a6be99b1ea", size = 184746, upload-time = "2026-07-06T21:33:08.071Z" },
    { url = "https://files.pythonhosted.org/packages/a0/1c/4ed5a0e5bdca6cbc275556de3328dd1b76fd0c11cc13c88fe66d1d8715f2/cffi-2.1.0-cp313-cp313-manylinux1_i686.manylinux2014_i686.manylinux_2_17_i686.manylinux_2_5_i686.whl", hash = "sha256:63960549e4f8dc41e31accb97b975abaecfc44c03e396c093a6436763c2ea7db", size = 214747, upload-time = "2026-07-06T21:33:09.671Z" },
    { url = "https://files.pythonhosted.org/packages/3a/a6/e879bb68cc23a2bc9ba8f4b7d8019f0c2694bad2ab6c4a3701d429439f58/cffi-2.1.0-cp313-cp313-manylinux2014_aarch64.manylinux_2_17_aarch64.whl", hash = "sha256:ff067a8d8d880e7809e4ac88eb009bb848870115317b306666502ccad30b147f", size = 222392, upload-time = "2026-07-06T21:33:10.896Z" },
    { url = "https://files.pythonhosted.org/packages/88/f6/01890cfd63c08f8eb96a8319b0443690197d240a8bd6346048cf7bde9190/cffi-2.1.0-cp313-cp313-manylinux2014_ppc64le.manylinux_2_17_ppc64le.whl", hash = "sha256:3b926723c13eba9f81d2ef3820d63aeceec3b2d4639906047bf675cb8a7a500d", size = 210285, upload-time = "2026-07-06T21:33:12.251Z" },
    { url = "https://files.pythonhosted.org/packages/a6/cf/2b684132056f438567b61e19d690dd31cd0921ace051e0a458be6074369e/cffi-2.1.0-cp313-cp313-manylinux2014_s390x.manylinux_2_17_s390x.whl", hash = "sha256:47ff3a8bfd8cb9da1af7524b965127095055654c177fcfc7578debcb015eecd0", size = 208801, upload-time = "2026-07-06T21:33:13.617Z" },
    { url = "https://files.pythonhosted.org/packages/6f/08/f2e7d62c460faae0926f2d6e423694aa409ced3bc1fe2927a0a6e5f05416/cffi-2.1.0-cp313-cp313-manylinux2014_x86_64.manylinux_2_17_x86_64.whl", hash = "sha256:799416bae98336e400981ff6e532d67d5c709cfb30afb79865a1315f94b0e224", size = 221808, upload-time = "2026-07-06T21:33:15.466Z" },
    { url = "https://files.pythonhosted.org/packages/38/37/04f54b8e63a02f3d908332c9effbf8c366167c6f733ed8a3d4f79b7e2a1e/cffi-2.1.0-cp313-cp313-musllinux_1_2_aarch64.whl", hash = "sha256:961be50688f7fba2fa65f63712d3b9b341a22311f5253460ce933f52f0de1c8c", size = 225241, upload-time = "2026-07-06T21:33:16.869Z" },
    { url = "https://files.pythonhosted.org/packages/a9/d6/c72eecca433cd3e681c65ed313ab4835d9d4a379704d0f628a6a05f51c2e/cffi-2.1.0-cp313-cp313-musllinux_1_2_x86_64.whl", hash = "sha256:bf5c6cf48238b0eb4c086978c492ad1cbc22373fc5b2d7353b3a598ce6db887a", size = 223588, upload-time = "2026-07-06T21:33:18.239Z" },
    { url = "https://files.pythonhosted.org/packages/c6/4b/e706f67279140f92939da3475ad610df18bfd52d50f14953a8e5fede71d5/cffi-2.1.0-cp313-cp313-win32.whl", hash = "sha256:db3eb7d46527159a878ec3460e9d40615bc25ba337d477db681aea6e4f05c5d2", size = 175248, upload-time = "2026-07-06T21:33:19.799Z" },
    { url = "https://files.pythonhosted.org/packages/5a/47/59eb7975cb0e4ef0afa764ea945b29a5bb4537a9f771cb7d6c8a5dd74c95/cffi-2.1.0-cp313-cp313-win_amd64.whl", hash = "sha256:8e74a6135550c4748af665b1b1118b6aab33b1fc6a16f9aff630af107c3b4512", size = 185717, upload-time = "2026-07-06T21:33:21.47Z" },
    { url = "https://files.pythonhosted.org/packages/5a/af/34fee85c48f8d94efc8597bc09470c9dd274c145f1c12e0fbc6ab6d38d74/cffi-2.1.0-cp313-cp313-win_arm64.whl", hash = "sha256:2282cd5e38aa8accd03e99d1256af8411c84cdbee6a89d841b563fdbd1f3e50f", size = 180114, upload-time = "2026-07-06T21:33:22.515Z" },
]

[[package]]
name = "colorama"
version = "0.4.6"
source = { registry = "https://pypi.org/simple" }
sdist = { url = "https://files.pythonhosted.org/packages/d8/53/6f443c9a4a8358a93a6792e2acffb9d9d5cb0a5cfd8802644b7b1c9a02e4/colorama-0.4.6.tar.gz", hash = "sha256:08695f5cb7ed6e0531a20572697297273c47b8cae5a63ffc6d6ed5c201be6e44", size = 27697, upload-time = "2022-10-25T02:36:22.414Z" }
wheels = [
    { url = "https://files.pythonhosted.org/packages/d1/d6/3965ed04c63042e047cb6a3e6ed1a63a35087b6a609aa3a15ed8ac56c221/colorama-0.4.6-py2.py3-none-any.whl", hash = "sha256:4f1d9991f5acc0ca119f9d443620b77f9d6b33703e51011c16baf57afb285fc6", size = 25335, upload-time = "2022-10-25T02:36:20.889Z" },
]

[[package]]
name = "cryptography"
version = "49.0.0"
source = { registry = "https://pypi.org/simple" }
dependencies = [
    { name = "cffi", marker = "platform_python_implementation != 'PyPy'" },
]
sdist = { url = "https://files.pythonhosted.org/packages/1f/99/d1c90d6041656cc6ee229dc99cd67fd0cd5aec3c5f7d72fffc27cc750054/cryptography-49.0.0.tar.gz", hash = "sha256:f89660a348f4f78a92366240a61404e337586ef7f5909a2fef59ca88ef505493", size = 854345, upload-time = "2026-06-12T20:02:30.512Z" }
wheels = [
    { url = "https://files.pythonhosted.org/packages/9b/22/adf66990e63584a68dfb50c24f48a125c07b1699899381c8151e63ed458c/cryptography-49.0.0-cp311-abi3-macosx_11_0_arm64.whl", hash = "sha256:966fe0e9c67490071f14c0d2b1cb2dfb3023c5ce39457343931415f08382f2db", size = 4032100, upload-time = "2026-06-12T20:02:32.143Z" },
    { url = "https://files.pythonhosted.org/packages/09/41/3797cfaf69cae04a13ee78ebd83f0678d9c02b4779d21ce24445326f1a69/cryptography-49.0.0-cp311-abi3-manylinux2014_aarch64.manylinux_2_17_aarch64.whl", hash = "sha256:36d1709f992593689b45bda411498d62c6e365f2ca00b84657d4dadd24de16db", size = 4692978, upload-time = "2026-06-12T20:01:21.305Z" },
    { url = "https://files.pythonhosted.org/packages/e6/8b/43011f7ebe515a8aa20d61f290a326cd890c2e738e16e59eaff8d9c3a412/cryptography-49.0.0-cp311-abi3-manylinux2014_x86_64.manylinux_2_17_x86_64.whl", hash = "sha256:0e959b578856a3924bc0cbb710fc12c387b9412a951389f3ca61704a9e25f325", size = 4716422, upload-time = "2026-06-12T20:01:48.566Z" },
    { url = "https://files.pythonhosted.org/packages/4a/91/01ce7303a4579e6d3a6abef01bd322848e9ea7a219adcabc5048b9033571/cryptography-49.0.0-cp311-abi3-manylinux_2_28_aarch64.whl", hash = "sha256:53ecee2e23f7169b6117e99fc8a944e5e50f79e69758a83b52a00cb98ab2b2d2", size = 4700503, upload-time = "2026-06-12T20:02:47.091Z" },
    { url = "https://files.pythonhosted.org/packages/62/99/a2c95cf8293f07491e9e27c20cc4dcd18176d944e674679adeb1d0173fd6/cryptography-49.0.0-cp311-abi3-manylinux_2_28_ppc64le.whl", hash = "sha256:2eda353d8a27bcbcaa4cbed18994a74ab4d19a2ca897db188ea269ab9b71419b", size = 5309779, upload-time = "2026-06-12T20:02:08.987Z" },
    { url = "https://files.pythonhosted.org/packages/20/2c/0622f20ff02b2ef32558733443805dc82fd4c275be01b2d19d14676f3a1b/cryptography-49.0.0-cp311-abi3-manylinux_2_28_x86_64.whl", hash = "sha256:2afe9051da7ae7bd5905da5a949280c7d2bb75682e188f650a9d0f2756b834c6", size = 4749683, upload-time = "2026-06-12T20:02:03.335Z" },
    { url = "https://files.pythonhosted.org/packages/a3/5b/c5246635d5fd3b64e0d45ae10e99fd32fe9676a79915ccfe5a61ba9af1a5/cryptography-49.0.0-cp311-abi3-manylinux_2_31_armv7l.whl", hash = "sha256:0b82e28ee398a386f0807bba7884d30f25218855690f45115831bcce5d90822c", size = 4337874, upload-time = "2026-06-12T20:02:54.323Z" },
    { url = "https://files.pythonhosted.org/packages/6d/88/05563c7fe2e914e87d1a536d06fe83e66b4e1d95cb593e05aea375531da8/cryptography-49.0.0-cp311-abi3-manylinux_2_34_aarch64.whl", hash = "sha256:ccac2bfebc306b862133e3bb71f3f6ee8bb525240089b2d952e4144b3a6d5da7", size = 4700283, upload-time = "2026-06-12T20:01:34.822Z" },
    { url = "https://files.pythonhosted.org/packages/c4/b6/d7696e4e890d6ae1469935164c9e5215c557671cb78d6e3f458ccceaa632/cryptography-49.0.0-cp311-abi3-manylinux_2_34_ppc64le.whl", hash = "sha256:d0527ce944105f257f605a827d6ebead966c752038b6e8656abb9c5edee6fc68", size = 5265844, upload-time = "2026-06-12T20:01:24.09Z" },
    { url = "https://files.pythonhosted.org/packages/a9/3c/f3ad17eecc1a57b0ba236dc01f90e783c51f4a2f35f64777cc4f47a184b2/cryptography-49.0.0-cp311-abi3-manylinux_2_34_x86_64.whl", hash = "sha256:cbc77da8c523d5abd028635ba850a6966fcee2c82e2bf65a41d1d8afe0f98be9", size = 4749290, upload-time = "2026-06-12T20:01:30.848Z" },
    { url = "https://files.pythonhosted.org/packages/4f/01/339573cf1023163a400b0b5d16f6d507de413b9f60be6fd1b77feeaf6737/cryptography-49.0.0-cp311-abi3-musllinux_1_2_aarch64.whl", hash = "sha256:b87e65d263b3e5d3bb92a57e2a6638e2f31110fa7aa890c7b2dbba42248d0a3f", size = 4834612, upload-time = "2026-06-12T20:01:29.246Z" },
    { url = "https://files.pythonhosted.org/packages/71/fd/577302e213a1be9468f92d1afef66fcf1ef83d516819d9992ca547f592bd/cryptography-49.0.0-cp311-abi3-musllinux_1_2_x86_64.whl", hash = "sha256:66ec79c3904820572d7e987abdf304281f141d37ad9a489b8e97066e7b9b6459", size = 4980804, upload-time = "2026-06-12T20:01:42.853Z" },
    { url = "https://files.pythonhosted.org/packages/1f/09/f42b1d190c5ba75f72062a387f8030d1d75f6ab035788f1d9c4b01de6525/cryptography-49.0.0-cp311-abi3-win_amd64.whl", hash = "sha256:e5dfc1e64de5677cec922ffa8da89c546d0415bf6efdf081842e5d44c84e1f0e", size = 3810026, upload-time = "2026-06-12T20:02:39.262Z" },
    { url = "https://files.pythonhosted.org/packages/19/2a/5bb823f5bedcf80718cea7fbc95ec5515cca3769633c4b01a32be7f30e7c/cryptography-49.0.0-cp39-abi3-macosx_11_0_arm64.whl", hash = "sha256:ec5e529fb80935c94fe7b729f9972b50e351a0e6b50aa294fd5cabb109fcc29a", size = 4025947, upload-time = "2026-06-12T20:01:25.745Z" },
    { url = "https://files.pythonhosted.org/packages/3d/df/40577043ca124e17012f408ddddaeb213b856336ac82ddb3bc915f39e29f/cryptography-49.0.0-cp39-abi3-manylinux2014_aarch64.manylinux_2_17_aarch64.whl", hash = "sha256:f78ff2c9ed8dc2d036b0f4d640e22522213d047c1b14e61205a7e55c80a494d4", size = 4692429, upload-time = "2026-06-12T20:01:53.628Z" },
    { url = "https://files.pythonhosted.org/packages/2c/99/2d13299eb3dd27b02dcfaafcc91d6b5cb3329f7cbd6d8f51921acd566c1a/cryptography-49.0.0-cp39-abi3-manylinux2014_x86_64.manylinux_2_17_x86_64.whl", hash = "sha256:35b151772baff2c74cba7fa290ceaff4c3b11c0c881eb93eb5dbc05a7cfbba18", size = 4700968, upload-time = "2026-06-12T20:02:45.383Z" },
    { url = "https://files.pythonhosted.org/packages/a5/4d/9c0cd02f95e2602dd5e563da149ee0830abef3537be8b34dc56281ebe27a/cryptography-49.0.0-cp39-abi3-manylinux_2_28_aarch64.whl", hash = "sha256:0f21641cf4b30fca7aee061ced0ec7ad7b073518088b7c9969a297c0ae796c69", size = 4697758, upload-time = "2026-06-12T20:01:41.13Z" },
    { url = "https://files.pythonhosted.org/packages/24/01/186c825898477d77e2324d5360fefe622ff1d8d1963ec0554e2cada8ec77/cryptography-49.0.0-cp39-abi3-manylinux_2_28_ppc64le.whl", hash = "sha256:9e82dcc8e56052715fb18b2429e3bca4823b1629136a2084fc45a9a5cecb9b64", size = 5298863, upload-time = "2026-06-12T20:02:24.579Z" },
    { url = "https://files.pythonhosted.org/packages/b8/7b/62cbbab75d0659865bf0273790031544a0b16c8072d258f9428dcd8190dc/cryptography-49.0.0-cp39-abi3-manylinux_2_28_x86_64.whl", hash = "sha256:6f2debedf9ca60cf1d5bd466475638af5130f89965605cd818484d19987d3a21", size = 4735983, upload-time = "2026-06-12T20:01:50.14Z" },
    { url = "https://files.pythonhosted.org/packages/6c/72/3e798c064bc39e471008075d0f9bc9daf77a80879c092e4a8e170c585ed4/cryptography-49.0.0-cp39-abi3-manylinux_2_31_armv7l.whl", hash = "sha256:8c25ceb16df5b9435f3f6a9829204985b0e0cbee3b48aacd432c7d2c850b44d9", size = 4334173, upload-time = "2026-06-12T20:01:44.743Z" },
    { url = "https://files.pythonhosted.org/packages/f0/ee/6fca21d1ac73e06f8bef71940abfd4d2f6472b4bca284d770f32bd4086f6/cryptography-49.0.0-cp39-abi3-manylinux_2_34_aarch64.whl", hash = "sha256:28d8b15e6275f12c8a207dc309dfa957903c927d08d0cc937ee3f63f200693cc", size = 4697298, upload-time = "2026-06-12T20:02:20.918Z" },
    { url = "https://files.pythonhosted.org/packages/67/d0/a5fcd3515f0bae49a7b6d0413cc1bdccdcc1fc0047037a0d480642cdc5d6/cryptography-49.0.0-cp39-abi3-manylinux_2_34_ppc64le.whl", hash = "sha256:6fc361c34fb6aac015ce19435876635e5c6d21db31998b0920f675f131e043b8", size = 5254338, upload-time = "2026-06-12T20:02:22.737Z" },
    { url = "https://files.pythonhosted.org/packages/a0/84/84fe36f19caf857d61cb7fc9c63035a47ffabd84ea12d1d393148efa3615/cryptography-49.0.0-cp39-abi3-manylinux_2_34_x86_64.whl", hash = "sha256:2400ef9c9e2299a25614eb1dea3db54a69b1349efd043bfac9c67630d136df36", size = 4735650, upload-time = "2026-06-12T20:02:41.389Z" },
    { url = "https://files.pythonhosted.org/packages/6c/a0/db537264e234f7273a73ec020873d6d6b39dfd8a53db78b550ca8320440e/cryptography-49.0.0-cp39-abi3-musllinux_1_2_aarch64.whl", hash = "sha256:67e1d20ad9ef3a563c59ef22e7a8a0b8210bd26604369ea4a30a7c66aefe504e", size = 4834820, upload-time = "2026-06-12T20:01:51.847Z" },
    { url = "https://files.pythonhosted.org/packages/93/77/8df9eb486495979bccecd1062e2eaf435250e84437040295b57d09048b0b/cryptography-49.0.0-cp39-abi3-musllinux_1_2_x86_64.whl", hash = "sha256:42b0684e0e40cf26122427802486f6d93aea593612603a94fbf260c7eb1e9c1b", size = 4967968, upload-time = "2026-06-12T20:02:12.524Z" },
    { url = "https://files.pythonhosted.org/packages/c2/e6/f60198ea8d9dfa15fff9ed4ca02ce362f6eadd9ba757dcc50634c4257b63/cryptography-49.0.0-cp39-abi3-win_amd64.whl", hash = "sha256:026ac7423e6fa66872d3bf889be5974507da3944f866f704fa200eadacd00001", size = 3785547, upload-time = "2026-06-12T20:02:26.847Z" },
    { url = "https://files.pythonhosted.org/packages/63/d3/4a83af35d65e3fad632c926fad684c193ea4398569ccb0bbbc7fe8f5dc9a/cryptography-49.0.0-pp311-pypy311_pp73-macosx_11_0_arm64.whl", hash = "sha256:fc1e275c2f1d97b1a6450b8b0ea3ebfa6e087a611c2b26cb2404d48588abab7b", size = 3993685, upload-time = "2026-06-12T20:02:14.883Z" },
    { url = "https://files.pythonhosted.org/packages/d6/a7/f9dac0ab7f80368c56993a7bf638ef9935f825c91902798481fac0898138/cryptography-49.0.0-pp311-pypy311_pp73-manylinux_2_28_aarch64.whl", hash = "sha256:c83782480a4a9da4d0feb51950131ba32e12e70813848b3343f6e18c28a66838", size = 4676239, upload-time = "2026-06-12T20:02:28.793Z" },
    { url = "https://files.pythonhosted.org/packages/d7/70/2ba3769dd0ae167e2f33dfa9592d45db6ff9a61d62ca1a5b3d1bdd09068f/cryptography-49.0.0-pp311-pypy311_pp73-manylinux_2_28_x86_64.whl", hash = "sha256:b39efa323140595abd3ecca8529d321ae50f55f3aa3ba9cc81ea56a6011953d5", size = 4715584, upload-time = "2026-06-12T20:01:27.495Z" },
    { url = "https://files.pythonhosted.org/packages/94/64/2923570ac1c0bd3a737aa366ac3abbbbde273042308b8cde95e2364a6e6a/cryptography-49.0.0-pp311-pypy311_pp73-manylinux_2_34_aarch64.whl", hash = "sha256:b47db11c2c3525083296069b98ac5221907455e989ae0c2e3008bde851921615", size = 4675885, upload-time = "2026-06-12T20:01:55.49Z" },
    { url = "https://files.pythonhosted.org/packages/ab/f8/614dc7e051418cfe53d55173c1e24c6b0085e89996fe90508c2fdf769aef/cryptography-49.0.0-pp311-pypy311_pp73-manylinux_2_34_x86_64.whl", hash = "sha256:084ef1af862eb07ec46d25f68689f2102a9fc0e05ce7b80f14f5fe51e4eef0f6", size = 4715449, upload-time = "2026-06-12T20:02:05.469Z" },
    { url = "https://files.pythonhosted.org/packages/aa/50/a9caea39ad19c431c1a3f8a31114df65b260cdfe67786b6c7e7c040c4c44/cryptography-49.0.0-pp311-pypy311_pp73-win_amd64.whl", hash = "sha256:be9fcb48a55f023493482827d4f459bd263cc20efde64f204b97c123201850c6", size = 3783731, upload-time = "2026-06-12T20:02:43.319Z" },
]

[[package]]
name = "iniconfig"
version = "2.3.0"
source = { registry = "https://pypi.org/simple" }
sdist = { url = "https://files.pythonhosted.org/packages/72/34/14ca021ce8e5dfedc35312d08ba8bf51fdd999c576889fc2c24cb97f4f10/iniconfig-2.3.0.tar.gz", hash = "sha256:c76315c77db068650d49c5b56314774a7804df16fee4402c1f19d6d15d8c4730", size = 20503, upload-time = "2025-10-18T21:55:43.219Z" }
wheels = [
    { url = "https://files.pythonhosted.org/packages/cb/b1/3846dd7f199d53cb17f49cba7e651e9ce294d8497c8c150530ed11865bb8/iniconfig-2.3.0-py3-none-any.whl", hash = "sha256:f631c04d2c48c52b84d0d0549c99ff3859c98df65b3101406327ecc7d53fbf12", size = 7484, upload-time = "2025-10-18T21:55:41.639Z" },
]

[[package]]
name = "muncho-owner-gate-passkey-test-runtime"
version = "0.0.0"
source = { virtual = "." }
dependencies = [
    { name = "cbor2" },
    { name = "cffi" },
    { name = "cryptography" },
    { name = "packaging" },
    { name = "pyasn1" },
    { name = "pyasn1-modules" },
    { name = "pycparser" },
    { name = "pyopenssl" },
    { name = "pytest" },
    { name = "typing-extensions" },
    { name = "webauthn" },
]

[package.metadata]
requires-dist = [
    { name = "cbor2", specifier = "==6.1.3" },
    { name = "cffi", specifier = "==2.1.0" },
    { name = "cryptography", specifier = "==49.0.0" },
    { name = "packaging", specifier = "==26.0" },
    { name = "pyasn1", specifier = "==0.6.4" },
    { name = "pyasn1-modules", specifier = "==0.4.2" },
    { name = "pycparser", specifier = "==3.0" },
    { name = "pyopenssl", specifier = "==26.3.0" },
    { name = "pytest", specifier = "==9.0.2" },
    { name = "typing-extensions", specifier = "==4.16.0" },
    { name = "webauthn", specifier = "==3.0.0" },
]

[[package]]
name = "packaging"
version = "26.0"
source = { registry = "https://pypi.org/simple" }
sdist = { url = "https://files.pythonhosted.org/packages/65/ee/299d360cdc32edc7d2cf530f3accf79c4fca01e96ffc950d8a52213bd8e4/packaging-26.0.tar.gz", hash = "sha256:00243ae351a257117b6a241061796684b084ed1c516a08c48a3f7e147a9d80b4", size = 143416, upload-time = "2026-01-21T20:50:39.064Z" }
wheels = [
    { url = "https://files.pythonhosted.org/packages/b7/b9/c538f279a4e237a006a2c98387d081e9eb060d203d8ed34467cc0f0b9b53/packaging-26.0-py3-none-any.whl", hash = "sha256:b36f1fef9334a5588b4166f8bcd26a14e521f2b55e6b9de3aaa80d3ff7a37529", size = 74366, upload-time = "2026-01-21T20:50:37.788Z" },
]

[[package]]
name = "pluggy"
version = "1.6.0"
source = { registry = "https://pypi.org/simple" }
sdist = { url = "https://files.pythonhosted.org/packages/f9/e2/3e91f31a7d2b083fe6ef3fa267035b518369d9511ffab804f839851d2779/pluggy-1.6.0.tar.gz", hash = "sha256:7dcc130b76258d33b90f61b658791dede3486c3e6bfb003ee5c9bfb396dd22f3", size = 69412, upload-time = "2025-05-15T12:30:07.975Z" }
wheels = [
    { url = "https://files.pythonhosted.org/packages/54/20/4d324d65cc6d9205fabedc306948156824eb9f0ee1633355a8f7ec5c66bf/pluggy-1.6.0-py3-none-any.whl", hash = "sha256:e920276dd6813095e9377c0bc5566d94c932c33b27a3e3945d8389c374dd4746", size = 20538, upload-time = "2025-05-15T12:30:06.134Z" },
]

[[package]]
name = "pyasn1"
version = "0.6.4"
source = { registry = "https://pypi.org/simple" }
sdist = { url = "https://files.pythonhosted.org/packages/a4/9a/23310166d960def5897e91fe20e5b724601b02a22e84ba1f94232c0b7f67/pyasn1-0.6.4.tar.gz", hash = "sha256:9c447d8431c947fe4c8febc4ed9e760bc29011a5b01e5c74b67025bd9fb8ce81", size = 151262, upload-time = "2026-07-09T01:12:33.988Z" }
wheels = [
    { url = "https://files.pythonhosted.org/packages/9a/3b/6163796d69c3977d1e4287bea4a6979161cbbdd170ebb430511e8e1999ce/pyasn1-0.6.4-py3-none-any.whl", hash = "sha256:deda9277cfd454080ec40b207fb6df82206a3a2688735233cdcd8d3d565f088b", size = 84410, upload-time = "2026-07-09T01:12:32.92Z" },
]

[[package]]
name = "pyasn1-modules"
version = "0.4.2"
source = { registry = "https://pypi.org/simple" }
dependencies = [
    { name = "pyasn1" },
]
sdist = { url = "https://files.pythonhosted.org/packages/e9/e6/78ebbb10a8c8e4b61a59249394a4a594c1a7af95593dc933a349c8d00964/pyasn1_modules-0.4.2.tar.gz", hash = "sha256:677091de870a80aae844b1ca6134f54652fa2c8c5a52aa396440ac3106e941e6", size = 307892, upload-time = "2025-03-28T02:41:22.17Z" }
wheels = [
    { url = "https://files.pythonhosted.org/packages/47/8d/d529b5d697919ba8c11ad626e835d4039be708a35b0d22de83a269a6682c/pyasn1_modules-0.4.2-py3-none-any.whl", hash = "sha256:29253a9207ce32b64c3ac6600edc75368f98473906e8fd1043bd6b5b1de2c14a", size = 181259, upload-time = "2025-03-28T02:41:19.028Z" },
]

[[package]]
name = "pycparser"
version = "3.0"
source = { registry = "https://pypi.org/simple" }
sdist = { url = "https://files.pythonhosted.org/packages/1b/7d/92392ff7815c21062bea51aa7b87d45576f649f16458d78b7cf94b9ab2e6/pycparser-3.0.tar.gz", hash = "sha256:600f49d217304a5902ac3c37e1281c9fe94e4d0489de643a9504c5cdfdfc6b29", size = 103492, upload-time = "2026-01-21T14:26:51.89Z" }
wheels = [
    { url = "https://files.pythonhosted.org/packages/0c/c3/44f3fbbfa403ea2a7c779186dc20772604442dde72947e7d01069cbe98e3/pycparser-3.0-py3-none-any.whl", hash = "sha256:b727414169a36b7d524c1c3e31839a521725078d7b2ff038656844266160a992", size = 48172, upload-time = "2026-01-21T14:26:50.693Z" },
]

[[package]]
name = "pygments"
version = "2.20.0"
source = { registry = "https://pypi.org/simple" }
sdist = { url = "https://files.pythonhosted.org/packages/c3/b2/bc9c9196916376152d655522fdcebac55e66de6603a76a02bca1b6414f6c/pygments-2.20.0.tar.gz", hash = "sha256:6757cd03768053ff99f3039c1a36d6c0aa0b263438fcab17520b30a303a82b5f", size = 4955991, upload-time = "2026-03-29T13:29:33.898Z" }
wheels = [
    { url = "https://files.pythonhosted.org/packages/f4/7e/a72dd26f3b0f4f2bf1dd8923c85f7ceb43172af56d63c7383eb62b332364/pygments-2.20.0-py3-none-any.whl", hash = "sha256:81a9e26dd42fd28a23a2d169d86d7ac03b46e2f8b59ed4698fb4785f946d0176", size = 1231151, upload-time = "2026-03-29T13:29:30.038Z" },
]

[[package]]
name = "pyopenssl"
version = "26.3.0"
source = { registry = "https://pypi.org/simple" }
dependencies = [
    { name = "cryptography" },
    { name = "typing-extensions", marker = "python_full_version < '3.13'" },
]
sdist = { url = "https://files.pythonhosted.org/packages/74/b7/da07bae88f5a9506b4def6f2f4903cf4c3b8831e560dba8fa18ca08f758f/pyopenssl-26.3.0.tar.gz", hash = "sha256:589de7fae1c9ea670d18422ed00fc04da787bbde8e1454aea872aa57b49ad341", size = 182024, upload-time = "2026-06-12T20:28:07.458Z" }
wheels = [
    { url = "https://files.pythonhosted.org/packages/54/18/1dd71c9b43192ab83f1d531ad6002dc81108ac36c475f79fb7a295abe2f4/pyopenssl-26.3.0-py3-none-any.whl", hash = "sha256:46367f8f66b92271e6d218da9c87607e1ef5a0bc5c8dea5bb3db82f395c385a3", size = 56008, upload-time = "2026-06-12T20:28:05.999Z" },
]

[[package]]
name = "pytest"
version = "9.0.2"
source = { registry = "https://pypi.org/simple" }
dependencies = [
    { name = "colorama", marker = "sys_platform == 'win32'" },
    { name = "iniconfig" },
    { name = "packaging" },
    { name = "pluggy" },
    { name = "pygments" },
]
sdist = { url = "https://files.pythonhosted.org/packages/d1/db/7ef3487e0fb0049ddb5ce41d3a49c235bf9ad299b6a25d5780a89f19230f/pytest-9.0.2.tar.gz", hash = "sha256:75186651a92bd89611d1d9fc20f0b4345fd827c41ccd5c299a868a05d70edf11", size = 1568901, upload-time = "2025-12-06T21:30:51.014Z" }
wheels = [
    { url = "https://files.pythonhosted.org/packages/3b/ab/b3226f0bd7cdcf710fbede2b3548584366da3b19b5021e74f5bde2a8fa3f/pytest-9.0.2-py3-none-any.whl", hash = "sha256:711ffd45bf766d5264d487b917733b453d917afd2b0ad65223959f59089f875b", size = 374801, upload-time = "2025-12-06T21:30:49.154Z" },
]

[[package]]
name = "typing-extensions"
version = "4.16.0"
source = { registry = "https://pypi.org/simple" }
sdist = { url = "https://files.pythonhosted.org/packages/f6/cc/6253133b5bb138fc3306cebfbda2c520f545d36b5be2c7255cc528bb45d6/typing_extensions-4.16.0.tar.gz", hash = "sha256:dc983d19a509c94dba722ee6abd33940f7c05a89e243c47e907eb4db6f1a43e5", size = 113555, upload-time = "2026-07-02T08:40:05.92Z" }
wheels = [
    { url = "https://files.pythonhosted.org/packages/49/d3/b8441a820a491ddfc024b0b0cf0393375b75ea13866d9c66727e54c2fc80/typing_extensions-4.16.0-py3-none-any.whl", hash = "sha256:481caa481374e813c1b176ada14e97f1f67a4539ce9cfeb3f350d78d6370c2e8", size = 45571, upload-time = "2026-07-02T08:40:04.659Z" },
]

[[package]]
name = "webauthn"
version = "3.0.0"
source = { registry = "https://pypi.org/simple" }
dependencies = [
    { name = "cbor2" },
    { name = "cryptography" },
    { name = "pyasn1" },
    { name = "pyasn1-modules" },
    { name = "pyopenssl" },
]
sdist = { url = "https://files.pythonhosted.org/packages/72/22/b19c91e850c4578b7d6cdb53453c5fe2f2e99d0c56e322c65c3caf1b3051/webauthn-3.0.0.tar.gz", hash = "sha256:324e54e1f6eeef486623b5d90df6fcd74ae04ff0c137d2b818a8f709b6ca3ab8", size = 160472, upload-time = "2026-06-29T22:40:33.478Z" }
wheels = [
    { url = "https://files.pythonhosted.org/packages/1f/d3/38d4efaedba74d854f88b60fd7b80ab37869032f9a9ad54d1892dab20241/webauthn-3.0.0-py3-none-any.whl", hash = "sha256:b5d0c02b6efa16be683f8a75abd2073f5e59a15f42623cc22c31f27600259e64", size = 73887, upload-time = "2026-06-29T22:40:32.171Z" },
]
